
Microsoft Visual Studio Solution File, Format Version 12.00
# Visual Studio Version 16
VisualStudioVersion = 16.0.31729.503
MinimumVisualStudioVersion = 10.0.40219.1
Project("{8BC9CEB8-8B4A-11D0-8D11-00A0C91BC942}") = "lab1", "sp\sp.vcxproj", "{9A013A1E-86C7-4C6D-9B1F-E97DE93B2DE8}"
EndProject
Project("{8BC9CEB8-8B4A-11D0-8D11-00A0C91BC942}") = "lab2", "lab2\lab2.vcxproj", "{B7F72D25-3AC5-43C2-B669-EA0F510C19F9}"
EndProject
Project("{8BC9CEB8-8B4A-11D0-8D11-00A0C91BC942}") = "lab3", "lab3\lab3.vcxproj", "{9F4F0DCF-CDED-4E6A-ACA9-0D1824E441E8}"
EndProject
Project("{8BC9CEB8-8B4A-11D0-8D11-00A0C91BC942}") = "lab4", "lab4\lab4.vcxproj", "{4E35BE48-A141-432F-A65A-49D35D9B494A}"
EndProject
Project("{8BC9CEB8-8B4A-11D0-8D11-00A0C91BC942}") = "lab5.1", "lab5\lab5.vcxproj", "{45F5A8C1-E4F3-421B-B6E4-FDC1A84052CD}"
EndProject
Project("{8BC9CEB8-8B4A-11D0-8D11-00A0C91BC942}") = "lab5.2", "lab5.2\lab5.2.vcxproj", "{BB9F5987-1EA2-43C1-BD78-89BFA17D0EAF}"
EndProject
Project("{8BC9CEB8-8B4A-11D0-8D11-00A0C91BC942}") = "lab6", "lab6\lab6.vcxproj", "{022E2109-DDDA-4A8A-873C-CC14CC68FFB1}"
EndProject
Project("{8BC9CEB8-8B4A-11D0-8D11-00A0C91BC942}") = "lab7", "lab7\lab7.vcxproj", "{1CB25B63-30E0-4F1C-B056-835D5C30C249}"
EndProject
Project("{8BC9CEB8-8B4A-11D0-8D11-00A0C91BC942}") = "lab8", "lab8\lab8.vcxproj", "{0987A867-AC92-4128-9FE4-70BE347D87E6}"
EndProject
Project("{8BC9CEB8-8B4A-11D0-8D11-00A0C91BC942}") = "lab9", "lab9\lab9.vcxproj", "{AE47A5FC-D669-4996-A7BA-7BE1B32812B6}"
EndProject
Global
	GlobalSection(SolutionConfigurationPlatforms) = preSolution
		Debug|x64 = Debug|x64
		Debug|x86 = Debug|x86
		Release|x64 = Release|x64
		Release|x86 = Release|x86
	EndGlobalSection
	GlobalSection(ProjectConfigurationPlatforms) = postSolution
		{9A013A1E-86C7-4C6D-9B1F-E97DE93B2DE8}.Debug|x64.ActiveCfg = Debug|x64
		{9A013A1E-86C7-4C6D-9B1F-E97DE93B2DE8}.Debug|x64.Build.0 = Debug|x64
		{9A013A1E-86C7-4C6D-9B1F-E97DE93B2DE8}.Debug|x86.ActiveCfg = Debug|Win32
		{9A013A1E-86C7-4C6D-9B1F-E97DE93B2DE8}.Debug|x86.Build.0 = Debug|Win32
		{9A013A1E-86C7-4C6D-9B1F-E97DE93B2DE8}.Release|x64.ActiveCfg = Release|x64
		{9A013A1E-86C7-4C6D-9B1F-E97DE93B2DE8}.Release|x64.Build.0 = Release|x64
		{9A013A1E-86C7-4C6D-9B1F-E97DE93B2DE8}.Release|x86.ActiveCfg = Release|Win32
		{9A013A1E-86C7-4C6D-9B1F-E97DE93B2DE8}.Release|x86.Build.0 = Release|Win32
		{B7F72D25-3AC5-43C2-B669-EA0F510C19F9}.Debug|x64.ActiveCfg = Debug|x64
		{B7F72D25-3AC5-43C2-B669-EA0F510C19F9}.Debug|x64.Build.0 = Debug|x64
		{B7F72D25-3AC5-43C2-B669-EA0F510C19F9}.Debug|x86.ActiveCfg = Debug|Win32
		{B7F72D25-3AC5-43C2-B669-EA0F510C19F9}.Debug|x86.Build.0 = Debug|Win32
		{B7F72D25-3AC5-43C2-B669-EA0F510C19F9}.Release|x64.ActiveCfg = Release|x64
		{B7F72D25-3AC5-43C2-B669-EA0F510C19F9}.Release|x64.Build.0 = Release|x64
		{B7F72D25-3AC5-43C2-B669-EA0F510C19F9}.Release|x86.ActiveCfg = Release|Win32
		{B7F72D25-3AC5-43C2-B669-EA0F510C19F9}.Release|x86.Build.0 = Release|Win32
		{9F4F0DCF-CDED-4E6A-ACA9-0D1824E441E8}.Debug|x64.ActiveCfg = Debug|x64
		{9F4F0DCF-CDED-4E6A-ACA9-0D1824E441E8}.Debug|x64.Build.0 = Debug|x64
		{9F4F0DCF-CDED-4E6A-ACA9-0D1824E441E8}.Debug|x86.ActiveCfg = Debug|Win32
		{9F4F0DCF-CDED-4E6A-ACA9-0D1824E441E8}.Debug|x86.Build.0 = Debug|Win32
		{9F4F0DCF-CDED-4E6A-ACA9-0D1824E441E8}.Release|x64.ActiveCfg = Release|x64
		{9F4F0DCF-CDED-4E6A-ACA9-0D1824E441E8}.Release|x64.Build.0 = Release|x64
		{9F4F0DCF-CDED-4E6A-ACA9-0D1824E441E8}.Release|x86.ActiveCfg = Release|Win32
		{9F4F0DCF-CDED-4E6A-ACA9-0D1824E441E8}.Release|x86.Build.0 = Release|Win32
		{4E35BE48-A141-432F-A65A-49D35D9B494A}.Debug|x64.ActiveCfg = Debug|x64
		{4E35BE48-A141-432F-A65A-49D35D9B494A}.Debug|x64.Build.0 = Debug|x64
		{4E35BE48-A141-432F-A65A-49D35D9B494A}.Debug|x86.ActiveCfg = Debug|Win32
		{4E35BE48-A141-432F-A65A-49D35D9B494A}.Debug|x86.Build.0 = Debug|Win32
		{4E35BE48-A141-432F-A65A-49D35D9B494A}.Release|x64.ActiveCfg = Release|x64
		{4E35BE48-A141-432F-A65A-49D35D9B494A}.Release|x64.Build.0 = Release|x64
		{4E35BE48-A141-432F-A65A-49D35D9B494A}.Release|x86.ActiveCfg = Release|Win32
		{4E35BE48-A141-432F-A65A-49D35D9B494A}.Release|x86.Build.0 = Release|Win32
		{45F5A8C1-E4F3-421B-B6E4-FDC1A84052CD}.Debug|x64.ActiveCfg = Debug|x64
		{45F5A8C1-E4F3-421B-B6E4-FDC1A84052CD}.Debug|x64.Build.0 = Debug|x64
		{45F5A8C1-E4F3-421B-B6E4-FDC1A84052CD}.Debug|x86.ActiveCfg = Debug|Win32
		{45F5A8C1-E4F3-421B-B6E4-FDC1A84052CD}.Debug|x86.Build.0 = Debug|Win32
		{45F5A8C1-E4F3-421B-B6E4-FDC1A84052CD}.Release|x64.ActiveCfg = Release|x64
		{45F5A8C1-E4F3-421B-B6E4-FDC1A84052CD}.Release|x64.Build.0 = Release|x64
		{45F5A8C1-E4F3-421B-B6E4-FDC1A84052CD}.Release|x86.ActiveCfg = Release|Win32
		{45F5A8C1-E4F3-421B-B6E4-FDC1A84052CD}.Release|x86.Build.0 = Release|Win32
		{BB9F5987-1EA2-43C1-BD78-89BFA17D0EAF}.Debug|x64.ActiveCfg = Debug|x64
		{BB9F5987-1EA2-43C1-BD78-89BFA17D0EAF}.Debug|x64.Build.0 = Debug|x64
		{BB9F5987-1EA2-43C1-BD78-89BFA17D0EAF}.Debug|x86.ActiveCfg = Debug|Win32
		{BB9F5987-1EA2-43C1-BD78-89BFA17D0EAF}.Debug|x86.Build.0 = Debug|Win32
		{BB9F5987-1EA2-43C1-BD78-89BFA17D0EAF}.Release|x64.ActiveCfg = Release|x64
		{BB9F5987-1EA2-43C1-BD78-89BFA17D0EAF}.Release|x64.Build.0 = Release|x64
		{BB9F5987-1EA2-43C1-BD78-89BFA17D0EAF}.Release|x86.ActiveCfg = Release|Win32
		{BB9F5987-1EA2-43C1-BD78-89BFA17D0EAF}.Release|x86.Build.0 = Release|Win32
		{022E2109-DDDA-4A8A-873C-CC14CC68FFB1}.Debug|x64.ActiveCfg = Debug|x64
		{022E2109-DDDA-4A8A-873C-CC14CC68FFB1}.Debug|x64.Build.0 = Debug|x64
		{022E2109-DDDA-4A8A-873C-CC14CC68FFB1}.Debug|x86.ActiveCfg = Debug|Win32
		{022E2109-DDDA-4A8A-873C-CC14CC68FFB1}.Debug|x86.Build.0 = Debug|Win32
		{022E2109-DDDA-4A8A-873C-CC14CC68FFB1}.Release|x64.ActiveCfg = Release|x64
		{022E2109-DDDA-4A8A-873C-CC14CC68FFB1}.Release|x64.Build.0 = Release|x64
		{022E2109-DDDA-4A8A-873C-CC14CC68FFB1}.Release|x86.ActiveCfg = Release|Win32
		{022E2109-DDDA-4A8A-873C-CC14CC68FFB1}.Release|x86.Build.0 = Release|Win32
		{1CB25B63-30E0-4F1C-B056-835D5C30C249}.Debug|x64.ActiveCfg = Debug|x64
		{1CB25B63-30E0-4F1C-B056-835D5C30C249}.Debug|x64.Build.0 = Debug|x64
		{1CB25B63-30E0-4F1C-B056-835D5C30C249}.Debug|x86.ActiveCfg = Debug|Win32
		{1CB25B63-30E0-4F1C-B056-835D5C30C249}.Debug|x86.Build.0 = Debug|Win32
		{1CB25B63-30E0-4F1C-B056-835D5C30C249}.Release|x64.ActiveCfg = Release|x64
		{1CB25B63-30E0-4F1C-B056-835D5C30C249}.Release|x64.Build.0 = Release|x64
		{1CB25B63-30E0-4F1C-B056-835D5C30C249}.Release|x86.ActiveCfg = Release|Win32
		{1CB25B63-30E0-4F1C-B056-835D5C30C249}.Release|x86.Build.0 = Release|Win32
		{0987A867-AC92-4128-9FE4-70BE347D87E6}.Debug|x64.ActiveCfg = Debug|x64
		{0987A867-AC92-4128-9FE4-70BE347D87E6}.Debug|x64.Build.0 = Debug|x64
		{0987A867-AC92-4128-9FE4-70BE347D87E6}.Debug|x86.ActiveCfg = Debug|Win32
		{0987A867-AC92-4128-9FE4-70BE347D87E6}.Debug|x86.Build.0 = Debug|Win32
		{0987A867-AC92-4128-9FE4-70BE347D87E6}.Release|x64.ActiveCfg = Release|x64
		{0987A867-AC92-4128-9FE4-70BE347D87E6}.Release|x64.Build.0 = Release|x64
		{0987A867-AC92-4128-9FE4-70BE347D87E6}.Release|x86.ActiveCfg = Release|Win32
		{0987A867-AC92-4128-9FE4-70BE347D87E6}.Release|x86.Build.0 = Release|Win32
		{AE47A5FC-D669-4996-A7BA-7BE1B32812B6}.Debug|x64.ActiveCfg = Debug|x64
		{AE47A5FC-D669-4996-A7BA-7BE1B32812B6}.Debug|x64.Build.0 = Debug|x64
		{AE47A5FC-D669-4996-A7BA-7BE1B32812B6}.Debug|x86.ActiveCfg = Debug|Win32
		{AE47A5FC-D669-4996-A7BA-7BE1B32812B6}.Debug|x86.Build.0 = Debug|Win32
		{AE47A5FC-D669-4996-A7BA-7BE1B32812B6}.Release|x64.ActiveCfg = Release|x64
		{AE47A5FC-D669-4996-A7BA-7BE1B32812B6}.Release|x64.Build.0 = Release|x64
		{AE47A5FC-D669-4996-A7BA-7BE1B32812B6}.Release|x86.ActiveCfg = Release|Win32
		{AE47A5FC-D669-4996-A7BA-7BE1B32812B6}.Release|x86.Build.0 = Release|Win32
	EndGlobalSection
	GlobalSection(SolutionProperties) = preSolution
		HideSolutionNode = FALSE
	EndGlobalSection
	GlobalSection(ExtensibilityGlobals) = postSolution
		SolutionGuid = {43EF1ADE-89C4-46B3-9D4F-AAF9A2A5383B}
	EndGlobalSection
EndGlobal
